{
  "name": "wigo",
  "version": "1.0.0",
  "lockfileVersion": 1,
  "dependencies": {
    "accepts": {
      "version": "http://nexus.prod.uci.cu/repository/npm-all/accepts/-/accepts-1.3.3.tgz",
      "integrity": "sha1-w8p0NJOGSMPg2cHjKN1otiLChMo="
    },
    "array-flatten": {
      "version": "http://nexus.prod.uci.cu/repository/npm-all/array-flatten/-/array-flatten-1.1.1.tgz",
      "integrity": "sha1-ml9pkFGx5wczKPKgCJaLZOopVdI="
    },
    "asap": {
      "version": "2.0.5",
      "resolved": "http://nexus.prod.uci.cu/repository/npm-all/asap/-/asap-2.0.5.tgz",
      "integrity": "sha1-UidltQw1EEkOUtfc/ghe+bqWlY8="
    },
    "async": {
      "version": "http://nexus.prod.uci.cu/repository/npm-all/async/-/async-2.1.4.tgz",
      "integrity": "sha1-LSFgx3iAMuTdbL4lAvH5osj2zeQ="
    },
    "base64url": {
      "version": "2.0.0",
      "resolved": "http://nexus.prod.uci.cu/repository/npm-all/base64url/-/base64url-2.0.0.tgz",
      "integrity": "sha1-6sFuA+oUOO/5Qj1puqNiYu0fcLs="
    },
    "basic-auth": {
      "version": "http://nexus.prod.uci.cu/repository/npm-all/basic-auth/-/basic-auth-1.1.0.tgz",
      "integrity": "sha1-RSIe5Cn37h5QNb4/UVM/HN/SmIQ="
    },
    "bcrypt-nodejs": {
      "version": "http://nexus.prod.uci.cu/repository/npm-all/bcrypt-nodejs/-/bcrypt-nodejs-0.0.3.tgz",
      "integrity": "sha1-xgkX8m3CNWYVZsaBBhwwPCsohCs="
    },
    "bluebird": {
      "version": "http://nexus.prod.uci.cu/repository/npm-all/bluebird/-/bluebird-3.5.0.tgz",
      "integrity": "sha1-eRQg1/VR7qKJdFOop3ZT+WYG1nw="
    },
    "body-parser": {
      "version": "http://nexus.prod.uci.cu/repository/npm-all/body-parser/-/body-parser-1.17.2.tgz",
      "integrity": "sha1-+IkqvI+eYn1Crtr7yma/WrmRBO4="
    },
    "bson": {
      "version": "http://nexus.prod.uci.cu/repository/npm-all/bson/-/bson-1.0.4.tgz",
      "integrity": "sha1-k8ENOeqltYQVy8QFLz5T5WKwtyw="
    },
    "buffer-equal-constant-time": {
      "version": "1.0.1",
      "resolved": "http://nexus.prod.uci.cu/repository/npm-all/buffer-equal-constant-time/-/buffer-equal-constant-time-1.0.1.tgz",
      "integrity": "sha1-+OcRMvf/5uAaXJaXpMbz5I1cyBk="
    },
    "buffer-shims": {
      "version": "http://nexus.prod.uci.cu/repository/npm-all/buffer-shims/-/buffer-shims-1.0.0.tgz",
      "integrity": "sha1-mXjOMXOIxkmth5MCjDR37wRKi1E="
    },
    "busboy": {
      "version": "0.2.14",
      "resolved": "http://nexus.prod.uci.cu/repository/npm-all/busboy/-/busboy-0.2.14.tgz",
      "integrity": "sha1-bCpiLvz0fFe7vh4qnDetNseSVFM=",
      "dependencies": {
        "isarray": {
          "version": "0.0.1",
          "resolved": "http://nexus.prod.uci.cu/repository/npm-all/isarray/-/isarray-0.0.1.tgz",
          "integrity": "sha1-ihis/Kmo9Bd+Cav8YDiTmwXR7t8="
        },
        "readable-stream": {
          "version": "1.1.14",
          "resolved": "http://nexus.prod.uci.cu/repository/npm-all/readable-stream/-/readable-stream-1.1.14.tgz",
          "integrity": "sha1-fPTFTvZI44EwhMY23SB54WbAgdk="
        },
        "string_decoder": {
          "version": "0.10.31",
          "resolved": "http://nexus.prod.uci.cu/repository/npm-all/string_decoder/-/string_decoder-0.10.31.tgz",
          "integrity": "sha1-YuIDvEF2bGwoyfyEMB2rHFMQ+pQ="
        }
      }
    },
    "bytes": {
      "version": "http://nexus.prod.uci.cu/repository/npm-all/bytes/-/bytes-2.4.0.tgz",
      "integrity": "sha1-fZcZb51br39pNeJZhVSe3SpsIzk="
    },
    "connect-multiparty": {
      "version": "2.0.0",
      "resolved": "http://nexus.prod.uci.cu/repository/npm-all/connect-multiparty/-/connect-multiparty-2.0.0.tgz",
      "integrity": "sha1-V6e2HMezG27vSmKHjWDXcbI2mas=",
      "dependencies": {
        "qs": {
          "version": "4.0.0",
          "resolved": "http://nexus.prod.uci.cu/repository/npm-all/qs/-/qs-4.0.0.tgz",
          "integrity": "sha1-wx2bdOwn33XlQ6hseHKO2NRiNgc="
        }
      }
    },
    "content-disposition": {
      "version": "http://nexus.prod.uci.cu/repository/npm-all/content-disposition/-/content-disposition-0.5.2.tgz",
      "integrity": "sha1-DPaLud318r55YcOoUXjLhdunjLQ="
    },
    "content-type": {
      "version": "http://nexus.prod.uci.cu/repository/npm-all/content-type/-/content-type-1.0.2.tgz",
      "integrity": "sha1-t9ETrueo3Se9IRM8TcJSnfFyHu0="
    },
    "cookie": {
      "version": "http://nexus.prod.uci.cu/repository/npm-all/cookie/-/cookie-0.3.1.tgz",
      "integrity": "sha1-5+Ch+e9DtMi6klxcWpboBtFoc7s="
    },
    "cookie-parser": {
      "version": "http://nexus.prod.uci.cu/repository/npm-all/cookie-parser/-/cookie-parser-1.4.3.tgz",
      "integrity": "sha1-D+MfoZ0AC5X0qt8fU/3CuKIDuqU="
    },
    "cookie-signature": {
      "version": "http://nexus.prod.uci.cu/repository/npm-all/cookie-signature/-/cookie-signature-1.0.6.tgz",
      "integrity": "sha1-4wOogrNCzD7oylE6eZmXNNqzriw="
    },
    "core-util-is": {
      "version": "http://nexus.prod.uci.cu/repository/npm-all/core-util-is/-/core-util-is-1.0.2.tgz",
      "integrity": "sha1-tf1UIgqivFq1eqtxQMlAdUUDwac="
    },
    "cors": {
      "version": "2.8.3",
      "resolved": "http://nexus.prod.uci.cu/repository/npm-all/cors/-/cors-2.8.3.tgz",
      "integrity": "sha1-TPeOHSMymnSWsvwiJbd8pbteuAI="
    },
    "crc": {
      "version": "http://nexus.prod.uci.cu/repository/npm-all/crc/-/crc-3.4.4.tgz",
      "integrity": "sha1-naHpgOO9RPxck79as9ozeNheRms="
    },
    "debug": {
      "version": "http://nexus.prod.uci.cu/repository/npm-all/debug/-/debug-2.6.7.tgz",
      "integrity": "sha1-krrR9tBbu2u6Isyoi80OyJTChh4="
    },
    "depd": {
      "version": "http://nexus.prod.uci.cu/repository/npm-all/depd/-/depd-1.1.0.tgz",
      "integrity": "sha1-4b2Cxqq2ztlluXuIsX7T5SjKGMM="
    },
    "destroy": {
      "version": "http://nexus.prod.uci.cu/repository/npm-all/destroy/-/destroy-1.0.4.tgz",
      "integrity": "sha1-l4hXRCxEdJ5CBmE+N5RiBYJqvYA="
    },
    "dezalgo": {
      "version": "1.0.3",
      "resolved": "http://nexus.prod.uci.cu/repository/npm-all/dezalgo/-/dezalgo-1.0.3.tgz",
      "integrity": "sha1-f3Qt4Gb8dIvI24IFad3c5Jvw1FY="
    },
    "dicer": {
      "version": "0.2.5",
      "resolved": "http://nexus.prod.uci.cu/repository/npm-all/dicer/-/dicer-0.2.5.tgz",
      "integrity": "sha1-WZbAhrszIYyBLAkL3cCc0S+stw8=",
      "dependencies": {
        "isarray": {
          "version": "0.0.1",
          "resolved": "http://nexus.prod.uci.cu/repository/npm-all/isarray/-/isarray-0.0.1.tgz",
          "integrity": "sha1-ihis/Kmo9Bd+Cav8YDiTmwXR7t8="
        },
        "readable-stream": {
          "version": "1.1.14",
          "resolved": "http://nexus.prod.uci.cu/repository/npm-all/readable-stream/-/readable-stream-1.1.14.tgz",
          "integrity": "sha1-fPTFTvZI44EwhMY23SB54WbAgdk="
        },
        "string_decoder": {
          "version": "0.10.31",
          "resolved": "http://nexus.prod.uci.cu/repository/npm-all/string_decoder/-/string_decoder-0.10.31.tgz",
          "integrity": "sha1-YuIDvEF2bGwoyfyEMB2rHFMQ+pQ="
        }
      }
    },
    "ecdsa-sig-formatter": {
      "version": "1.0.9",
      "resolved": "http://nexus.prod.uci.cu/repository/npm-all/ecdsa-sig-formatter/-/ecdsa-sig-formatter-1.0.9.tgz",
      "integrity": "sha1-S8kmJ07Dtau1AW5+HWCSGsJisqE="
    },
    "ee-first": {
      "version": "http://nexus.prod.uci.cu/repository/npm-all/ee-first/-/ee-first-1.1.1.tgz",
      "integrity": "sha1-WQxhFWsK4vTwJVcyoViyZrxWsh0="
    },
    "encodeurl": {
      "version": "http://nexus.prod.uci.cu/repository/npm-all/encodeurl/-/encodeurl-1.0.1.tgz",
      "integrity": "sha1-eePVhlU0aQn+bw9Fpd5oEDspTSA="
    },
    "es6-promise": {
      "version": "http://nexus.prod.uci.cu/repository/npm-all/es6-promise/-/es6-promise-3.2.1.tgz",
      "integrity": "sha1-7FYjOGgDKQkgcXDDlEjiREndH8Q="
    },
    "escape-html": {
      "version": "http://nexus.prod.uci.cu/repository/npm-all/escape-html/-/escape-html-1.0.3.tgz",
      "integrity": "sha1-Aljq5NPQwJdN4cFpGI7wBR0dGYg="
    },
    "etag": {
      "version": "http://nexus.prod.uci.cu/repository/npm-all/etag/-/etag-1.8.0.tgz",
      "integrity": "sha1-b2Ma7zNtbEY2K1F2QETOIWvjwFE="
    },
    "express": {
      "version": "http://nexus.prod.uci.cu/repository/npm-all/express/-/express-4.15.3.tgz",
      "integrity": "sha1-urZdDwOqgMNYQIly/HAPkWlEtmI="
    },
    "express-fileupload": {
      "version": "0.1.3",
      "resolved": "http://nexus.prod.uci.cu/repository/npm-all/express-fileupload/-/express-fileupload-0.1.3.tgz",
      "integrity": "sha1-Pk06mU8fg0BG9egsoMccPx9rRBw="
    },
    "express-session": {
      "version": "http://nexus.prod.uci.cu/repository/npm-all/express-session/-/express-session-1.15.3.tgz",
      "integrity": "sha1-21RfBDWnsbIorgLagZf2UUFzXGc="
    },
    "fd-slicer": {
      "version": "1.0.1",
      "resolved": "http://nexus.prod.uci.cu/repository/npm-all/fd-slicer/-/fd-slicer-1.0.1.tgz",
      "integrity": "sha1-i1vL2ewyfFBBv5qwI/1nUPEXfmU="
    },
    "finalhandler": {
      "version": "http://nexus.prod.uci.cu/repository/npm-all/finalhandler/-/finalhandler-1.0.3.tgz",
      "integrity": "sha1-70fneVDpmXgOhgIqVg4yF+DQzIk="
    },
    "flushwritable": {
      "version": "1.0.0",
      "resolved": "http://nexus.prod.uci.cu/repository/npm-all/flushwritable/-/flushwritable-1.0.0.tgz",
      "integrity": "sha1-PjKNj95BKtR+c44751C00pAENJg="
    },
    "formidable": {
      "version": "1.1.1",
      "resolved": "http://nexus.prod.uci.cu/repository/npm-all/formidable/-/formidable-1.1.1.tgz",
      "integrity": "sha1-lriIb3w8NQi5Mta9cMTTqI818ak="
    },
    "forwarded": {
      "version": "http://nexus.prod.uci.cu/repository/npm-all/forwarded/-/forwarded-0.1.0.tgz",
      "integrity": "sha1-Ge+YdMSuHCl7zweP3mOgm2aoQ2M="
    },
    "fresh": {
      "version": "http://nexus.prod.uci.cu/repository/npm-all/fresh/-/fresh-0.5.0.tgz",
      "integrity": "sha1-9HTKXmqSRtb9jglTz6m5yAWvp44="
    },
    "fs-extra": {
      "version": "3.0.1",
      "resolved": "http://nexus.prod.uci.cu/repository/npm-all/fs-extra/-/fs-extra-3.0.1.tgz",
      "integrity": "sha1-N5TzeMWLNC6n27sjCVEJxLO2IpE=",
      "dependencies": {
        "jsonfile": {
          "version": "3.0.0",
          "resolved": "http://nexus.prod.uci.cu/repository/npm-all/jsonfile/-/jsonfile-3.0.0.tgz",
          "integrity": "sha1-kufHRE5f/V+jLmqa6LhQNN+DR9A="
        }
      }
    },
    "graceful-fs": {
      "version": "4.1.11",
      "resolved": "http://nexus.prod.uci.cu/repository/npm-all/graceful-fs/-/graceful-fs-4.1.11.tgz",
      "integrity": "sha1-Dovf5NHduIVNZOBOp8AOKgJuVlg="
    },
    "gridfs-stream": {
      "version": "1.1.1",
      "resolved": "http://nexus.prod.uci.cu/repository/npm-all/gridfs-stream/-/gridfs-stream-1.1.1.tgz",
      "integrity": "sha1-PdOhAOwgIaGBKC9utGcJY2B034k="
    },
    "hoek": {
      "version": "2.16.3",
      "resolved": "http://nexus.prod.uci.cu/repository/npm-all/hoek/-/hoek-2.16.3.tgz",
      "integrity": "sha1-ILt0A9POo5jpHcRxCo/xuCdKJe0="
    },
    "hooks-fixed": {
      "version": "http://nexus.prod.uci.cu/repository/npm-all/hooks-fixed/-/hooks-fixed-2.0.0.tgz",
      "integrity": "sha1-oB2JTVKsf2WZu7H2PfycQR33DLo="
    },
    "http": {
      "version": "http://nexus.prod.uci.cu/repository/npm-all/http/-/http-0.0.0.tgz",
      "integrity": "sha1-huYybSnF0Dnen6xYSkVon5KfT3I="
    },
    "http-errors": {
      "version": "http://nexus.prod.uci.cu/repository/npm-all/http-errors/-/http-errors-1.6.1.tgz",
      "integrity": "sha1-X4uO2YrKVFZWv1cplzh/kEpyIlc="
    },
    "iconv-lite": {
      "version": "http://nexus.prod.uci.cu/repository/npm-all/iconv-lite/-/iconv-lite-0.4.15.tgz",
      "integrity": "sha1-/iZaIYrGpXz+hUkn6dBMGYJe3es="
    },
    "imagemagick": {
      "version": "0.1.3",
      "resolved": "http://nexus.prod.uci.cu/repository/npm-all/imagemagick/-/imagemagick-0.1.3.tgz",
      "integrity": "sha1-dIPOoJO02fLi85aFetyIIbU3xWo="
    },
    "inherits": {
      "version": "http://nexus.prod.uci.cu/repository/npm-all/inherits/-/inherits-2.0.3.tgz",
      "integrity": "sha1-Yzwsg+PaQqUC9SRmAiSA9CCCYd4="
    },
    "ipaddr.js": {
      "version": "http://nexus.prod.uci.cu/repository/npm-all/ipaddr.js/-/ipaddr.js-1.3.0.tgz",
      "integrity": "sha1-HgOlL9rYOou7KyXL9JmLTP/NPew="
    },
    "isarray": {
      "version": "http://nexus.prod.uci.cu/repository/npm-all/isarray/-/isarray-1.0.0.tgz",
      "integrity": "sha1-u5NdSFgsuhaMBoNJV6VKPgcSTxE="
    },
    "isemail": {
      "version": "1.2.0",
      "resolved": "http://nexus.prod.uci.cu/repository/npm-all/isemail/-/isemail-1.2.0.tgz",
      "integrity": "sha1-vgPfjMPineTSxd9lASY/H6RZXpo="
    },
    "joi": {
      "version": "6.10.1",
      "resolved": "http://nexus.prod.uci.cu/repository/npm-all/joi/-/joi-6.10.1.tgz",
      "integrity": "sha1-TVDDGAeRIgAP5fFq8f+OGRe3fgY="
    },
    "jsonwebtoken": {
      "version": "7.4.1",
      "resolved": "http://nexus.prod.uci.cu/repository/npm-all/jsonwebtoken/-/jsonwebtoken-7.4.1.tgz",
      "integrity": "sha1-fKMk9SFfi+A5zTWmxFu4y3SkSPs="
    },
    "jwa": {
      "version": "1.1.5",
      "resolved": "http://nexus.prod.uci.cu/repository/npm-all/jwa/-/jwa-1.1.5.tgz",
      "integrity": "sha1-oFUs4CIHQs1S4VN3SjKQXDDnVuU="
    },
    "jws": {
      "version": "3.1.4",
      "resolved": "http://nexus.prod.uci.cu/repository/npm-all/jws/-/jws-3.1.4.tgz",
      "integrity": "sha1-+ei5M46KhHJ31kRLFGT2GIDgUKI="
    },
    "kareem": {
      "version": "http://nexus.prod.uci.cu/repository/npm-all/kareem/-/kareem-1.4.1.tgz",
      "integrity": "sha1-7XYgAET6BB7zK02oJh4lU/EXNTE="
    },
    "lodash": {
      "version": "http://nexus.prod.uci.cu/repository/npm-all/lodash/-/lodash-4.17.4.tgz",
      "integrity": "sha1-eCA6TRwyiuHYbcpkYONptX9AVa4="
    },
    "lodash.foreach": {
      "version": "4.5.0",
      "resolved": "http://nexus.prod.uci.cu/repository/npm-all/lodash.foreach/-/lodash.foreach-4.5.0.tgz",
      "integrity": "sha1-Gmo16s5AEoDH8G3d7DUWWrJ+PlM="
    },
    "lodash.get": {
      "version": "4.4.2",
      "resolved": "http://nexus.prod.uci.cu/repository/npm-all/lodash.get/-/lodash.get-4.4.2.tgz",
      "integrity": "sha1-LRd/ZS+jHpObRDjVNBSZ36OCXpk="
    },
    "lodash.once": {
      "version": "4.1.1",
      "resolved": "http://nexus.prod.uci.cu/repository/npm-all/lodash.once/-/lodash.once-4.1.1.tgz",
      "integrity": "sha1-DdOXEhPHxW34gJd9UEyI+0cal6w="
    },
    "media-typer": {
      "version": "http://nexus.prod.uci.cu/repository/npm-all/media-typer/-/media-typer-0.3.0.tgz",
      "integrity": "sha1-hxDXrwqmJvj/+hzgAWhUUmMlV0g="
    },
    "merge-descriptors": {
      "version": "http://nexus.prod.uci.cu/repository/npm-all/merge-descriptors/-/merge-descriptors-1.0.1.tgz",
      "integrity": "sha1-sAqqVW3YtEVoFQ7J0blT8/kMu2E="
    },
    "methods": {
      "version": "http://nexus.prod.uci.cu/repository/npm-all/methods/-/methods-1.1.2.tgz",
      "integrity": "sha1-VSmk1nZUE07cxSZmVoNbD4Ua/O4="
    },
    "mime": {
      "version": "http://nexus.prod.uci.cu/repository/npm-all/mime/-/mime-1.3.4.tgz",
      "integrity": "sha1-EV+eO2s9rylZmDyzjxSaLUDrXVM="
    },
    "mime-db": {
      "version": "http://nexus.prod.uci.cu/repository/npm-all/mime-db/-/mime-db-1.27.0.tgz",
      "integrity": "sha1-gg9XIpa70g7CXtVeW13oaeVDbrE="
    },
    "mime-types": {
      "version": "http://nexus.prod.uci.cu/repository/npm-all/mime-types/-/mime-types-2.1.15.tgz",
      "integrity": "sha1-pOv1BkCUVpI3uM9wBGd20J/JKu0="
    },
    "moment": {
      "version": "http://nexus.prod.uci.cu/repository/npm-all/moment/-/moment-2.18.1.tgz",
      "integrity": "sha1-w2GT3Tzhwu7SrbfIAtu8d6gbHA8="
    },
    "mongodb": {
      "version": "http://nexus.prod.uci.cu/repository/npm-all/mongodb/-/mongodb-2.2.26.tgz",
      "integrity": "sha1-G9UMVXwnfJjhoF2jjJg5xJIrA0o="
    },
    "mongodb-core": {
      "version": "http://nexus.prod.uci.cu/repository/npm-all/mongodb-core/-/mongodb-core-2.1.10.tgz",
      "integrity": "sha1-6ykGgdGW0zRqSSFhqi6gkF5jFRs="
    },
    "mongoose": {
      "version": "http://nexus.prod.uci.cu/repository/npm-all/mongoose/-/mongoose-4.10.1.tgz",
      "integrity": "sha1-WYKUjFHSF00nt4KonqUCoqU8nbA=",
      "dependencies": {
        "ms": {
          "version": "http://nexus.prod.uci.cu/repository/npm-all/ms/-/ms-0.7.2.tgz",
          "integrity": "sha1-riXPJRKziFodldfwN4aNhDESR2U="
        }
      }
    },
    "mongoose-error-handler": {
      "version": "1.0.0",
      "resolved": "http://nexus.prod.uci.cu/repository/npm-all/mongoose-error-handler/-/mongoose-error-handler-1.0.0.tgz",
      "integrity": "sha1-exYt1SpixqoZkCI9Whp2tJNp6mg="
    },
    "mongoose-gridfs": {
      "version": "0.1.0",
      "resolved": "http://nexus.prod.uci.cu/repository/npm-all/mongoose-gridfs/-/mongoose-gridfs-0.1.0.tgz",
      "integrity": "sha1-LiwxAZ+vmndVwHOngI9VcPecJJE="
    },
    "mongoose-list": {
      "version": "http://nexus.prod.uci.cu/repository/npm-all/mongoose-list/-/mongoose-list-0.2.2.tgz",
      "integrity": "sha1-RBsq+aVrKJyMK1oFr9JRoacSxBo="
    },
    "mongoose-middleware": {
      "version": "1.0.0",
      "resolved": "http://nexus.prod.uci.cu/repository/npm-all/mongoose-middleware/-/mongoose-middleware-1.0.0.tgz",
      "integrity": "sha1-a01rvWhcFPCkAj5eVddDdR7tJvg="
    },
    "mongoose-type-email": {
      "version": "http://nexus.prod.uci.cu/repository/npm-all/mongoose-type-email/-/mongoose-type-email-1.0.5.tgz",
      "integrity": "sha1-ieeX+YvFmqwiY/18nVtmmFSv9nk="
    },
    "mongoose-unique-validator": {
      "version": "1.0.5",
      "resolved": "http://nexus.prod.uci.cu/repository/npm-all/mongoose-unique-validator/-/mongoose-unique-validator-1.0.5.tgz",
      "integrity": "sha1-WRhy+v4IMJOfC3VrZVQkPJMWOqA="
    },
    "morgan": {
      "version": "http://nexus.prod.uci.cu/repository/npm-all/morgan/-/morgan-1.8.2.tgz",
      "integrity": "sha1-eErHc05KRTqcbm6GgKkyknXItoc=",
      "dependencies": {
        "debug": {
          "version": "http://nexus.prod.uci.cu/repository/npm-all/debug/-/debug-2.6.8.tgz",
          "integrity": "sha1-5zFTHKLt4n0YgiJCfaF4IdaP9Pw="
        }
      }
    },
    "mpath": {
      "version": "http://nexus.prod.uci.cu/repository/npm-all/mpath/-/mpath-0.2.1.tgz",
      "integrity": "sha1-Ok6Ck1mAHeljCcJ6ay4QLon56W4="
    },
    "mpromise": {
      "version": "http://nexus.prod.uci.cu/repository/npm-all/mpromise/-/mpromise-0.5.5.tgz",
      "integrity": "sha1-9bJCWddjrMIlewoMjG2Gb9UXMuY="
    },
    "mquery": {
      "version": "http://nexus.prod.uci.cu/repository/npm-all/mquery/-/mquery-2.3.0.tgz",
      "integrity": "sha1-PRcXrYlY0MmeQuokYaEJ8+Xz5Fg=",
      "dependencies": {
        "bluebird": {
          "version": "http://nexus.prod.uci.cu/repository/npm-all/bluebird/-/bluebird-2.10.2.tgz",
          "integrity": "sha1-AkpVFylTCIV/FPkfEQb8O1VfRGs="
        },
        "debug": {
          "version": "http://nexus.prod.uci.cu/repository/npm-all/debug/-/debug-2.2.0.tgz",
          "integrity": "sha1-+HBX6ZWxofauaklgZkE3vFbwOdo="
        },
        "ms": {
          "version": "http://nexus.prod.uci.cu/repository/npm-all/ms/-/ms-0.7.1.tgz",
          "integrity": "sha1-nNE8A62/8ltl7/3nzoZO6VIBcJg="
        },
        "sliced": {
          "version": "http://nexus.prod.uci.cu/repository/npm-all/sliced/-/sliced-0.0.5.tgz",
          "integrity": "sha1-XtwETKTrb3gW1Qui/GPiXY/kcH8="
        }
      }
    },
    "ms": {
      "version": "http://nexus.prod.uci.cu/repository/npm-all/ms/-/ms-2.0.0.tgz",
      "integrity": "sha1-VgiurfwAvmwpAd9fmGF4jeDVl8g="
    },
    "multiparty": {
      "version": "4.1.3",
      "resolved": "http://nexus.prod.uci.cu/repository/npm-all/multiparty/-/multiparty-4.1.3.tgz",
      "integrity": "sha1-PEPH/LGJbhdGBDap3Qtu8WaOT5Q="
    },
    "muri": {
      "version": "http://nexus.prod.uci.cu/repository/npm-all/muri/-/muri-1.2.1.tgz",
      "integrity": "sha1-7H6lzmympSPrGrNbrNpfqBbJqjw="
    },
    "negotiator": {
      "version": "http://nexus.prod.uci.cu/repository/npm-all/negotiator/-/negotiator-0.6.1.tgz",
      "integrity": "sha1-KzJxhOiZIQEXeyhWP7XnECrNDKk="
    },
    "oauth": {
      "version": "http://nexus.prod.uci.cu/repository/npm-all/oauth/-/oauth-0.9.15.tgz",
      "integrity": "sha1-vR/vr2hslrdUda7VGWQS/2DPucE="
    },
    "object-assign": {
      "version": "4.1.1",
      "resolved": "http://nexus.prod.uci.cu/repository/npm-all/object-assign/-/object-assign-4.1.1.tgz",
      "integrity": "sha1-IQmtx5ZYh8/AXLvUQsrIv7s2CGM="
    },
    "on-finished": {
      "version": "http://nexus.prod.uci.cu/repository/npm-all/on-finished/-/on-finished-2.3.0.tgz",
      "integrity": "sha1-IPEzZIGwg811M3mSoWlxqi2QaUc="
    },
    "on-headers": {
      "version": "http://nexus.prod.uci.cu/repository/npm-all/on-headers/-/on-headers-1.0.1.tgz",
      "integrity": "sha1-ko9dD0cNSTQmUepnlLCFfBAGk/c="
    },
    "parseurl": {
      "version": "http://nexus.prod.uci.cu/repository/npm-all/parseurl/-/parseurl-1.3.1.tgz",
      "integrity": "sha1-yKuMkiO6NIiKpkopeyiFO+wY2lY="
    },
    "passport": {
      "version": "http://nexus.prod.uci.cu/repository/npm-all/passport/-/passport-0.3.2.tgz",
      "integrity": "sha1-ndAJ+RXo/glbASSgG4+C2gdRAQI="
    },
    "passport-facebook": {
      "version": "http://nexus.prod.uci.cu/repository/npm-all/passport-facebook/-/passport-facebook-2.1.1.tgz",
      "integrity": "sha1-w50LUq5NWRYyRaTiGnubYyEwMxE="
    },
    "passport-facebook-token": {
      "version": "http://nexus.prod.uci.cu/repository/npm-all/passport-facebook-token/-/passport-facebook-token-3.3.0.tgz",
      "integrity": "sha1-dATKb903kOEQYMxgxWKyHw0Ege4="
    },
    "passport-local": {
      "version": "1.0.0",
      "resolved": "http://nexus.prod.uci.cu/repository/npm-all/passport-local/-/passport-local-1.0.0.tgz",
      "integrity": "sha1-H+YyaMkudWBmJkN+O5BmYsFbpu4="
    },
    "passport-oauth": {
      "version": "http://nexus.prod.uci.cu/repository/npm-all/passport-oauth/-/passport-oauth-1.0.0.tgz",
      "integrity": "sha1-kK/2M4dUDwIImvKM2tOep/gNd98="
    },
    "passport-oauth1": {
      "version": "http://nexus.prod.uci.cu/repository/npm-all/passport-oauth1/-/passport-oauth1-1.1.0.tgz",
      "integrity": "sha1-p96YiiEfnPRoc3cTDqdN8ycwyRg="
    },
    "passport-oauth2": {
      "version": "http://nexus.prod.uci.cu/repository/npm-all/passport-oauth2/-/passport-oauth2-1.4.0.tgz",
      "integrity": "sha1-9i+BWDy+EmCb585vFguTlaJ7hq0="
    },
    "passport-strategy": {
      "version": "http://nexus.prod.uci.cu/repository/npm-all/passport-strategy/-/passport-strategy-1.0.0.tgz",
      "integrity": "sha1-tVOaqPwiWj0a0XlHbd8ja0QPUuQ="
    },
    "path-to-regexp": {
      "version": "http://nexus.prod.uci.cu/repository/npm-all/path-to-regexp/-/path-to-regexp-0.1.7.tgz",
      "integrity": "sha1-32BBeABfUi8V60SQ5yR6G/qmf4w="
    },
    "pause": {
      "version": "http://nexus.prod.uci.cu/repository/npm-all/pause/-/pause-0.0.1.tgz",
      "integrity": "sha1-HUCLP9t2kjuVQ9lvtMnf1TXZy10="
    },
    "pend": {
      "version": "1.2.0",
      "resolved": "http://nexus.prod.uci.cu/repository/npm-all/pend/-/pend-1.2.0.tgz",
      "integrity": "sha1-elfrVQpng/kRUzH89GY9XI4AelA="
    },
    "process-nextick-args": {
      "version": "http://nexus.prod.uci.cu/repository/npm-all/process-nextick-args/-/process-nextick-args-1.0.7.tgz",
      "integrity": "sha1-FQ4gt1ZZCtP5EJPyWk8q2L/zC6M="
    },
    "proxy-addr": {
      "version": "http://nexus.prod.uci.cu/repository/npm-all/proxy-addr/-/proxy-addr-1.1.4.tgz",
      "integrity": "sha1-J+VF9pYKRKYn2bREZ+NcG2tM4vM="
    },
    "qs": {
      "version": "http://nexus.prod.uci.cu/repository/npm-all/qs/-/qs-6.4.0.tgz",
      "integrity": "sha1-E+JtKK1rD/qpExLNO/cI7TUecjM="
    },
    "random-bytes": {
      "version": "http://nexus.prod.uci.cu/repository/npm-all/random-bytes/-/random-bytes-1.0.0.tgz",
      "integrity": "sha1-T2ih3Arli9P7lYSMMDJNt11kNgs="
    },
    "range-parser": {
      "version": "http://nexus.prod.uci.cu/repository/npm-all/range-parser/-/range-parser-1.2.0.tgz",
      "integrity": "sha1-9JvmtIeJTdxA3MlKMi9hEJLgDV4="
    },
    "raw-body": {
      "version": "http://nexus.prod.uci.cu/repository/npm-all/raw-body/-/raw-body-2.2.0.tgz",
      "integrity": "sha1-mUl2z2pQlqQRYoQEkvC9xdbn+5Y="
    },
    "readable-stream": {
      "version": "http://nexus.prod.uci.cu/repository/npm-all/readable-stream/-/readable-stream-2.2.7.tgz",
      "integrity": "sha1-BwV6y+JGeyIELTb5jFrVBwVOlbE="
    },
    "regexp-clone": {
      "version": "http://nexus.prod.uci.cu/repository/npm-all/regexp-clone/-/regexp-clone-0.0.1.tgz",
      "integrity": "sha1-p8LgmJH9vzj7sQ03b7cwA+aKxYk="
    },
    "require_optional": {
      "version": "http://nexus.prod.uci.cu/repository/npm-all/require_optional/-/require_optional-1.0.0.tgz",
      "integrity": "sha1-UqhhN6hJco62ClVTNhf4+RT1mr8="
    },
    "resolve-from": {
      "version": "http://nexus.prod.uci.cu/repository/npm-all/resolve-from/-/resolve-from-2.0.0.tgz",
      "integrity": "sha1-lICrIOlP+h2egKgEx+oUdhGWa1c="
    },
    "safe-buffer": {
      "version": "http://nexus.prod.uci.cu/repository/npm-all/safe-buffer/-/safe-buffer-5.0.1.tgz",
      "integrity": "sha1-0mPKVGls2KMGtcplUekt5XkY++c="
    },
    "semver": {
      "version": "http://nexus.prod.uci.cu/repository/npm-all/semver/-/semver-5.3.0.tgz",
      "integrity": "sha1-myzl094C0XxgEq0yaqa00M9U+U8="
    },
    "send": {
      "version": "http://nexus.prod.uci.cu/repository/npm-all/send/-/send-0.15.3.tgz",
      "integrity": "sha1-UBP5+ZAj31DRvZiSwZ4979HVMwk="
    },
    "serve-static": {
      "version": "http://nexus.prod.uci.cu/repository/npm-all/serve-static/-/serve-static-1.12.3.tgz",
      "integrity": "sha1-n0uhni8wMMVH+K+ZEHg47DjVseI="
    },
    "setprototypeof": {
      "version": "http://nexus.prod.uci.cu/repository/npm-all/setprototypeof/-/setprototypeof-1.0.3.tgz",
      "integrity": "sha1-ZlZ+NwQ+608E2RvWWMDL77VbjgQ="
    },
    "sliced": {
      "version": "http://nexus.prod.uci.cu/repository/npm-all/sliced/-/sliced-1.0.1.tgz",
      "integrity": "sha1-CzpmK10Ewxd7GSa+qCsD+Dei70E="
    },
    "statuses": {
      "version": "http://nexus.prod.uci.cu/repository/npm-all/statuses/-/statuses-1.3.1.tgz",
      "integrity": "sha1-+vUbnrdKrvOzrPStX2Gr8ky3uT4="
    },
    "stream-read": {
      "version": "1.1.2",
      "resolved": "http://nexus.prod.uci.cu/repository/npm-all/stream-read/-/stream-read-1.1.2.tgz",
      "integrity": "sha1-MTcRDXqoC6VOS4KcTNM8oQa5Vk0="
    },
    "streamifier": {
      "version": "0.1.1",
      "resolved": "http://nexus.prod.uci.cu/repository/npm-all/streamifier/-/streamifier-0.1.1.tgz",
      "integrity": "sha1-l+mNj6TRBdYqJpHR3AfoINuN/E8="
    },
    "streamsearch": {
      "version": "0.1.2",
      "resolved": "http://nexus.prod.uci.cu/repository/npm-all/streamsearch/-/streamsearch-0.1.2.tgz",
      "integrity": "sha1-gIudDlb8Jz2Am6VzOOkpkZoanxo="
    },
    "string_decoder": {
      "version": "http://nexus.prod.uci.cu/repository/npm-all/string_decoder/-/string_decoder-1.0.1.tgz",
      "integrity": "sha1-YuIA8DmVWmgQ2N8KM//A8BNmLZg="
    },
    "topo": {
      "version": "1.1.0",
      "resolved": "http://nexus.prod.uci.cu/repository/npm-all/topo/-/topo-1.1.0.tgz",
      "integrity": "sha1-6ddRYV0buH3IZdsYL6HKCl71NtU="
    },
    "type-is": {
      "version": "http://nexus.prod.uci.cu/repository/npm-all/type-is/-/type-is-1.6.15.tgz",
      "integrity": "sha1-yrEPtJCeRByChC6v4a1kbIGARBA="
    },
    "uid-safe": {
      "version": "http://nexus.prod.uci.cu/repository/npm-all/uid-safe/-/uid-safe-2.1.4.tgz",
      "integrity": "sha1-Otbzg2jG1MjHXsF2I/t5qh0HHYE="
    },
    "uid2": {
      "version": "http://nexus.prod.uci.cu/repository/npm-all/uid2/-/uid2-0.0.3.tgz",
      "integrity": "sha1-SDEm4Rd03y9xuLY53NeZw3YWK4I="
    },
    "universalify": {
      "version": "0.1.0",
      "resolved": "http://nexus.prod.uci.cu/repository/npm-all/universalify/-/universalify-0.1.0.tgz",
      "integrity": "sha1-nrHEZR3rzGcMyU8adXYjMruWd3g="
    },
    "unpipe": {
      "version": "http://nexus.prod.uci.cu/repository/npm-all/unpipe/-/unpipe-1.0.0.tgz",
      "integrity": "sha1-sr9O6FFKrmFltIF4KdIbLvSZBOw="
    },
    "util-deprecate": {
      "version": "http://nexus.prod.uci.cu/repository/npm-all/util-deprecate/-/util-deprecate-1.0.2.tgz",
      "integrity": "sha1-RQ1Nyfpw3nMnYvvS1KKJgUGaDM8="
    },
    "utils-merge": {
      "version": "http://nexus.prod.uci.cu/repository/npm-all/utils-merge/-/utils-merge-1.0.0.tgz",
      "integrity": "sha1-ApT7kiu5N1FTVBxPcJYjHyh8ivg="
    },
    "vary": {
      "version": "http://nexus.prod.uci.cu/repository/npm-all/vary/-/vary-1.1.1.tgz",
      "integrity": "sha1-Z1Neu2lMHVIldFeYRmUyP1h+jTc="
    },
    "wrappy": {
      "version": "1.0.2",
      "resolved": "http://nexus.prod.uci.cu/repository/npm-all/wrappy/-/wrappy-1.0.2.tgz",
      "integrity": "sha1-tSQ9jz7BqjXxNkYFvA0QNuMKtp8="
    },
    "xtend": {
      "version": "4.0.1",
      "resolved": "http://nexus.prod.uci.cu/repository/npm-all/xtend/-/xtend-4.0.1.tgz",
      "integrity": "sha1-pcbVMr5lbiPbgg77lDofBJmNY68="
    }
  }
}
